
Microsoft Visual Studio Solution File, Format Version 12.00
# Visual Studio 15
VisualStudioVersion = 15.0.28307.421
MinimumVisualStudioVersion = 10.0.40219.1
Project("{FAE04EC0-301F-11D3-BF4B-00C04F79EFBC}") = "YTEncyclopedia", "YTEncyclopedia\YTEncyclopedia.csproj", "{E1E07445-B9C7-4C6C-9052-F7DCB0B82D32}"
EndProject
Global
	GlobalSection(SolutionConfigurationPlatforms) = preSolution
		Debug|Any CPU = Debug|Any CPU
		Release|Any CPU = Release|Any CPU
	EndGlobalSection
	GlobalSection(ProjectConfigurationPlatforms) = postSolution
		{E1E07445-B9C7-4C6C-9052-F7DCB0B82D32}.Debug|Any CPU.ActiveCfg = Debug|Any CPU
		{E1E07445-B9C7-4C6C-9052-F7DCB0B82D32}.Debug|Any CPU.Build.0 = Debug|Any CPU
		{E1E07445-B9C7-4C6C-9052-F7DCB0B82D32}.Release|Any CPU.ActiveCfg = Release|Any CPU
		{E1E07445-B9C7-4C6C-9052-F7DCB0B82D32}.Release|Any CPU.Build.0 = Release|Any CPU
	EndGlobalSection
	GlobalSection(SolutionProperties) = preSolution
		HideSolutionNode = FALSE
	EndGlobalSection
	GlobalSection(ExtensibilityGlobals) = postSolution
		SolutionGuid = {54AAC028-8BC3-4717-BD3F-53604BFF0F23}
	EndGlobalSection
EndGlobal
